<?xml version="1.0" encoding="utf-8"?>
<Project ToolsVersion="4.0" xmlns="http://schemas.microsoft.com/developer/msbuild/2003">
  <ItemGroup>
    <Filter Include="Source Files">
      <UniqueIdentifier>{4FC737F1-C7A5-4376-A066-2A32D752A2FF}</UniqueIdentifier>
      <Extensions>cpp;c;cc;cxx;def;odl;idl;hpj;bat;asm;asmx</Extensions>
    </Filter>
    <Filter Include="Header Files">
      <UniqueIdentifier>{93995380-89BD-4b04-88EB-625FBE52EBFB}</UniqueIdentifier>
      <Extensions>h;hh;hpp;hxx;hm;inl;inc;ipp;xsd</Extensions>
    </Filter>
    <Filter Include="Resource Files">
      <UniqueIdentifier>{67DA6AB6-F800-4c08-8B7A-83BB121AAD01}</UniqueIdentifier>
      <Extensions>rc;ico;cur;bmp;dlg;rc2;rct;bin;rgs;gif;jpg;jpeg;jpe;resx;tiff;tif;png;wav;mfcribbon-ms</Extensions>
    </Filter>
  </ItemGroup>
  <ItemGroup>
    <ClCompile Include="Source.cpp">
      <Filter>Source Files</Filter>
    </ClCompile>
    <ClCompile Include="Polygon.cpp">
      <Filter>Resource Files</Filter>
    </ClCompile>
    <ClCompile Include="Vertex.cpp">
      <Filter>Resource Files</Filter>
    </ClCompile>
    <ClCompile Include="Edge.cpp">
      <Filter>Resource Files</Filter>
    </ClCompile>
    <ClCompile Include="Map.cpp">
      <Filter>Resource Files</Filter>
    </ClCompile>
    <ClCompile Include="Player.cpp">
      <Filter>Resource Files</Filter>
    </ClCompile>
    <ClCompile Include="Triangle.cpp">
      <Filter>Resource Files</Filter>
    </ClCompile>
    <ClCompile Include="Item.cpp">
      <Filter>Resource Files</Filter>
    </ClCompile>
    <ClCompile Include="ItemShop.cpp">
      <Filter>Resource Files</Filter>
    </ClCompile>
    <ClCompile Include="ShopUI.cpp">
      <Filter>Resource Files</Filter>
    </ClCompile>
    <ClCompile Include="Font.cpp">
      <Filter>Resource Files</Filter>
    </ClCompile>
    <ClCompile Include="PlayerUI.cpp">
      <Filter>Resource Files</Filter>
    </ClCompile>
    <ClCompile Include="PlayerAbility.cpp">
      <Filter>Resource Files</Filter>
    </ClCompile>
    <ClCompile Include="Game.cpp">
      <Filter>Resource Files</Filter>
    </ClCompile>
    <ClCompile Include="Minion.cpp">
      <Filter>Resource Files</Filter>
    </ClCompile>
    <ClCompile Include="MinionWalkingState.cpp">
      <Filter>Resource Files</Filter>
    </ClCompile>
    <ClCompile Include="AttackingMinionState.cpp">
      <Filter>Resource Files</Filter>
    </ClCompile>
    <ClCompile Include="Tower.cpp">
      <Filter>Resource Files</Filter>
    </ClCompile>
    <ClCompile Include="TowerIdleState.cpp">
      <Filter>Resource Files</Filter>
    </ClCompile>
    <ClCompile Include="TowerAttackingPlayerState.cpp">
      <Filter>Resource Files</Filter>
    </ClCompile>
    <ClCompile Include="TowerAttackingMinionState.cpp">
      <Filter>Resource Files</Filter>
    </ClCompile>
    <ClCompile Include="AttackingTowerState.cpp">
      <Filter>Resource Files</Filter>
    </ClCompile>
    <ClCompile Include="AttackingPlayerState.cpp">
      <Filter>Resource Files</Filter>
    </ClCompile>
    <ClCompile Include="MinionWalkToLaneState.cpp">
      <Filter>Resource Files</Filter>
    </ClCompile>
    <ClCompile Include="Minionafkstate.cpp">
      <Filter>Resource Files</Filter>
    </ClCompile>
    <ClCompile Include="MinionKnockupState.cpp">
      <Filter>Resource Files</Filter>
    </ClCompile>
    <ClCompile Include="MiniMap.cpp">
      <Filter>Resource Files</Filter>
    </ClCompile>
  </ItemGroup>
  <ItemGroup>
    <ClInclude Include="Polygon.h">
      <Filter>Header Files</Filter>
    </ClInclude>
    <ClInclude Include="Vertex.h">
      <Filter>Header Files</Filter>
    </ClInclude>
    <ClInclude Include="Edge.h">
      <Filter>Header Files</Filter>
    </ClInclude>
    <ClInclude Include="Map.h">
      <Filter>Header Files</Filter>
    </ClInclude>
    <ClInclude Include="Player.h">
      <Filter>Header Files</Filter>
    </ClInclude>
    <ClInclude Include="Triangle.h">
      <Filter>Header Files</Filter>
    </ClInclude>
    <ClInclude Include="Item.h">
      <Filter>Header Files</Filter>
    </ClInclude>
    <ClInclude Include="ItemShop.h">
      <Filter>Header Files</Filter>
    </ClInclude>
    <ClInclude Include="ShopUI.h">
      <Filter>Header Files</Filter>
    </ClInclude>
    <ClInclude Include="myglobal.h">
      <Filter>Header Files</Filter>
    </ClInclude>
    <ClInclude Include="Font.h">
      <Filter>Header Files</Filter>
    </ClInclude>
    <ClInclude Include="PlayerUI.h">
      <Filter>Header Files</Filter>
    </ClInclude>
    <ClInclude Include="resource.h">
      <Filter>Header Files</Filter>
    </ClInclude>
    <ClInclude Include="PlayerAbility.h">
      <Filter>Header Files</Filter>
    </ClInclude>
    <ClInclude Include="BlitzcrankAbilities.h">
      <Filter>Header Files</Filter>
    </ClInclude>
    <ClInclude Include="Game.h">
      <Filter>Header Files</Filter>
    </ClInclude>
    <ClInclude Include="MinionState.h">
      <Filter>Header Files</Filter>
    </ClInclude>
    <ClInclude Include="AttackingMinionState.h">
      <Filter>Header Files</Filter>
    </ClInclude>
    <ClInclude Include="AttackingTowerState.h">
      <Filter>Header Files</Filter>
    </ClInclude>
    <ClInclude Include="AttackingPlayerState.h">
      <Filter>Header Files</Filter>
    </ClInclude>
    <ClInclude Include="MinionWalkingState.h">
      <Filter>Header Files</Filter>
    </ClInclude>
    <ClInclude Include="Minion.h">
      <Filter>Header Files</Filter>
    </ClInclude>
    <ClInclude Include="Tower.h">
      <Filter>Header Files</Filter>
    </ClInclude>
    <ClInclude Include="TowerState.h">
      <Filter>Header Files</Filter>
    </ClInclude>
    <ClInclude Include="TowerIdleState.h">
      <Filter>Header Files</Filter>
    </ClInclude>
    <ClInclude Include="TowerAttackingPlayerState.h">
      <Filter>Header Files</Filter>
    </ClInclude>
    <ClInclude Include="TowerAttackingMinionState.h">
      <Filter>Header Files</Filter>
    </ClInclude>
    <ClInclude Include="MinionWalkToLaneState.h">
      <Filter>Header Files</Filter>
    </ClInclude>
    <ClInclude Include="Minionafkstate.h">
      <Filter>Header Files</Filter>
    </ClInclude>
    <ClInclude Include="MinionKnockupState.h">
      <Filter>Header Files</Filter>
    </ClInclude>
    <ClInclude Include="MiniMap.h">
      <Filter>Header Files</Filter>
    </ClInclude>
    <ClInclude Include="LTimer.h">
      <Filter>Header Files</Filter>
    </ClInclude>
  </ItemGroup>
  <ItemGroup>
    <ResourceCompile Include="League.rc">
      <Filter>Resource Files</Filter>
    </ResourceCompile>
  </ItemGroup>
  <ItemGroup>
    <Image Include="..\icon_jZn_icon.ico">
      <Filter>Resource Files</Filter>
    </Image>
  </ItemGroup>
</Project>